
Microsoft Visual Studio Solution File, Format Version 12.00
# Visual Studio 15
VisualStudioVersion = 15.0.28307.902
MinimumVisualStudioVersion = 10.0.40219.1
Project("{8BC9CEB8-8B4A-11D0-8D11-00A0C91BC942}") = "Design Patterns", "Design Patterns\Design Patterns.vcxproj", "{F8820517-EE6D-444C-B1D5-A8822B64B731}"
EndProject
Global
	GlobalSection(SolutionConfigurationPlatforms) = preSolution
		Debug|x64 = Debug|x64
		Debug|x86 = Debug|x86
		Release|x64 = Release|x64
		Release|x86 = Release|x86
	EndGlobalSection
	GlobalSection(ProjectConfigurationPlatforms) = postSolution
		{F8820517-EE6D-444C-B1D5-A8822B64B731}.Debug|x64.ActiveCfg = Debug|x64
		{F8820517-EE6D-444C-B1D5-A8822B64B731}.Debug|x64.Build.0 = Debug|x64
		{F8820517-EE6D-444C-B1D5-A8822B64B731}.Debug|x86.ActiveCfg = Debug|Win32
		{F8820517-EE6D-444C-B1D5-A8822B64B731}.Debug|x86.Build.0 = Debug|Win32
		{F8820517-EE6D-444C-B1D5-A8822B64B731}.Release|x64.ActiveCfg = Release|x64
		{F8820517-EE6D-444C-B1D5-A8822B64B731}.Release|x64.Build.0 = Release|x64
		{F8820517-EE6D-444C-B1D5-A8822B64B731}.Release|x86.ActiveCfg = Release|Win32
		{F8820517-EE6D-444C-B1D5-A8822B64B731}.Release|x86.Build.0 = Release|Win32
	EndGlobalSection
	GlobalSection(SolutionProperties) = preSolution
		HideSolutionNode = FALSE
	EndGlobalSection
	GlobalSection(ExtensibilityGlobals) = postSolution
		SolutionGuid = {7E60AD5B-04EC-4D1F-952A-8FEBADD9448C}
	EndGlobalSection
EndGlobal
